
Microsoft Visual Studio Solution File, Format Version 12.00
# Visual Studio Version 17
VisualStudioVersion = 17.14.36310.24 d17.14
MinimumVisualStudioVersion = 10.0.40219.1
Project("{FAE04EC0-301F-11D3-BF4B-00C04F79EFBC}") = "ContactCalls", "ContactCalls\ContactCalls.csproj", "{38ECA0A2-89E7-4F91-BF67-B520F3855A32}"
EndProject
Project("{FAE04EC0-301F-11D3-BF4B-00C04F79EFBC}") = "ContactCalls.Infrastructure", "ContactCalls.Infrastructure\ContactCalls.Infrastructure.csproj", "{1F87A90E-3528-459B-B385-94F8E15E6592}"
EndProject
Project("{FAE04EC0-301F-11D3-BF4B-00C04F79EFBC}") = "ContactCalls.Domain", "ContactCalls.Domain\ContactCalls.Domain.csproj", "{6ADF4058-458B-4954-8BA8-517D0E86FC50}"
EndProject
Project("{FAE04EC0-301F-11D3-BF4B-00C04F79EFBC}") = "ContactCalls.Dtos", "ContactCalls.Dtos\ContactCalls.Dtos.csproj", "{5974B75A-96D7-43DD-844A-F07B48C6662A}"
EndProject
Global
	GlobalSection(SolutionConfigurationPlatforms) = preSolution
		Debug|Any CPU = Debug|Any CPU
		Release|Any CPU = Release|Any CPU
	EndGlobalSection
	GlobalSection(ProjectConfigurationPlatforms) = postSolution
		{38ECA0A2-89E7-4F91-BF67-B520F3855A32}.Debug|Any CPU.ActiveCfg = Debug|Any CPU
		{38ECA0A2-89E7-4F91-BF67-B520F3855A32}.Debug|Any CPU.Build.0 = Debug|Any CPU
		{38ECA0A2-89E7-4F91-BF67-B520F3855A32}.Release|Any CPU.ActiveCfg = Release|Any CPU
		{38ECA0A2-89E7-4F91-BF67-B520F3855A32}.Release|Any CPU.Build.0 = Release|Any CPU
		{1F87A90E-3528-459B-B385-94F8E15E6592}.Debug|Any CPU.ActiveCfg = Debug|Any CPU
		{1F87A90E-3528-459B-B385-94F8E15E6592}.Debug|Any CPU.Build.0 = Debug|Any CPU
		{1F87A90E-3528-459B-B385-94F8E15E6592}.Release|Any CPU.ActiveCfg = Release|Any CPU
		{1F87A90E-3528-459B-B385-94F8E15E6592}.Release|Any CPU.Build.0 = Release|Any CPU
		{6ADF4058-458B-4954-8BA8-517D0E86FC50}.Debug|Any CPU.ActiveCfg = Debug|Any CPU
		{6ADF4058-458B-4954-8BA8-517D0E86FC50}.Debug|Any CPU.Build.0 = Debug|Any CPU
		{6ADF4058-458B-4954-8BA8-517D0E86FC50}.Release|Any CPU.ActiveCfg = Release|Any CPU
		{6ADF4058-458B-4954-8BA8-517D0E86FC50}.Release|Any CPU.Build.0 = Release|Any CPU
		{5974B75A-96D7-43DD-844A-F07B48C6662A}.Debug|Any CPU.ActiveCfg = Debug|Any CPU
		{5974B75A-96D7-43DD-844A-F07B48C6662A}.Debug|Any CPU.Build.0 = Debug|Any CPU
		{5974B75A-96D7-43DD-844A-F07B48C6662A}.Release|Any CPU.ActiveCfg = Release|Any CPU
		{5974B75A-96D7-43DD-844A-F07B48C6662A}.Release|Any CPU.Build.0 = Release|Any CPU
	EndGlobalSection
	GlobalSection(SolutionProperties) = preSolution
		HideSolutionNode = FALSE
	EndGlobalSection
	GlobalSection(ExtensibilityGlobals) = postSolution
		SolutionGuid = {FB60B6F9-C811-4C68-873F-C95C254F4B59}
	EndGlobalSection
EndGlobal
